// !$*UTF8*$!
{
	archiveVersion = 1;
	classes = {
	};
	objectVersion = 56;
	objects = {

/* Begin PBXBuildFile section */
		ECEEC0CD2BD53E6200A180DE /* SwiftUIPracticeAPITheOfficeApp.swift in Sources */ = {isa = PBXBuildFile; fileRef = ECEEC0CC2BD53E6200A180DE /* SwiftUIPracticeAPITheOfficeApp.swift */; };
		ECEEC0D12BD53E6400A180DE /* Assets.xcassets in Resources */ = {isa = PBXBuildFile; fileRef = ECEEC0D02BD53E6400A180DE /* Assets.xcassets */; };
		ECEEC0D42BD53E6400A180DE /* Preview Assets.xcassets in Resources */ = {isa = PBXBuildFile; fileRef = ECEEC0D32BD53E6400A180DE /* Preview Assets.xcassets */; };
		ECEEC0DC2BD5405600A180DE /* QuoteView.swift in Sources */ = {isa = PBXBuildFile; fileRef = ECEEC0DB2BD5405600A180DE /* QuoteView.swift */; };
		ECEEC0DE2BD5406000A180DE /* QuoteModel.swift in Sources */ = {isa = PBXBuildFile; fileRef = ECEEC0DD2BD5406000A180DE /* QuoteModel.swift */; };
		ECEEC0E02BD5417700A180DE /* ViewModel.swift in Sources */ = {isa = PBXBuildFile; fileRef = ECEEC0DF2BD5417700A180DE /* ViewModel.swift */; };
		ECEEC0E22BD5490700A180DE /* FetchController.swift in Sources */ = {isa = PBXBuildFile; fileRef = ECEEC0E12BD5490700A180DE /* FetchController.swift */; };
/* End PBXBuildFile section */

/* Begin PBXFileReference section */
		ECEEC0C92BD53E6200A180DE /* SwiftUIPracticeAPITheOffice.app */ = {isa = PBXFileReference; explicitFileType = wrapper.application; includeInIndex = 0; path = SwiftUIPracticeAPITheOffice.app; sourceTree = BUILT_PRODUCTS_DIR; };
		ECEEC0CC2BD53E6200A180DE /* SwiftUIPracticeAPITheOfficeApp.swift */ = {isa = PBXFileReference; lastKnownFileType = sourcecode.swift; path = SwiftUIPracticeAPITheOfficeApp.swift; sourceTree = "<group>"; };
		ECEEC0D02BD53E6400A180DE /* Assets.xcassets */ = {isa = PBXFileReference; lastKnownFileType = folder.assetcatalog; path = Assets.xcassets; sourceTree = "<group>"; };
		ECEEC0D32BD53E6400A180DE /* Preview Assets.xcassets */ = {isa = PBXFileReference; lastKnownFileType = folder.assetcatalog; path = "Preview Assets.xcassets"; sourceTree = "<group>"; };
		ECEEC0DB2BD5405600A180DE /* QuoteView.swift */ = {isa = PBXFileReference; lastKnownFileType = sourcecode.swift; path = QuoteView.swift; sourceTree = "<group>"; };
		ECEEC0DD2BD5406000A180DE /* QuoteModel.swift */ = {isa = PBXFileReference; lastKnownFileType = sourcecode.swift; path = QuoteModel.swift; sourceTree = "<group>"; };
		ECEEC0DF2BD5417700A180DE /* ViewModel.swift */ = {isa = PBXFileReference; lastKnownFileType = sourcecode.swift; path = ViewModel.swift; sourceTree = "<group>"; };
		ECEEC0E12BD5490700A180DE /* FetchController.swift */ = {isa = PBXFileReference; lastKnownFileType = sourcecode.swift; path = FetchController.swift; sourceTree = "<group>"; };
/* End PBXFileReference section */

/* Begin PBXFrameworksBuildPhase section */
		ECEEC0C62BD53E6200A180DE /* Frameworks */ = {
			isa = PBXFrameworksBuildPhase;
			buildActionMask = 2147483647;
			files = (
			);
			runOnlyForDeploymentPostprocessing = 0;
		};
/* End PBXFrameworksBuildPhase section */

/* Begin PBXGroup section */
		ECEEC0C02BD53E6100A180DE = {
			isa = PBXGroup;
			children = (
				ECEEC0CB2BD53E6200A180DE /* SwiftUIPracticeAPITheOffice */,
				ECEEC0CA2BD53E6200A180DE /* Products */,
			);
			sourceTree = "<group>";
		};
		ECEEC0CA2BD53E6200A180DE /* Products */ = {
			isa = PBXGroup;
			children = (
				ECEEC0C92BD53E6200A180DE /* SwiftUIPracticeAPITheOffice.app */,
			);
			name = Products;
			sourceTree = "<group>";
		};
		ECEEC0CB2BD53E6200A180DE /* SwiftUIPracticeAPITheOffice */ = {
			isa = PBXGroup;
			children = (
				ECEEC0CC2BD53E6200A180DE /* SwiftUIPracticeAPITheOfficeApp.swift */,
				ECEEC0DB2BD5405600A180DE /* QuoteView.swift */,
				ECEEC0DD2BD5406000A180DE /* QuoteModel.swift */,
				ECEEC0DF2BD5417700A180DE /* ViewModel.swift */,
				ECEEC0E12BD5490700A180DE /* FetchController.swift */,
				ECEEC0D02BD53E6400A180DE /* Assets.xcassets */,
				ECEEC0D22BD53E6400A180DE /* Preview Content */,
			);
			path = SwiftUIPracticeAPITheOffice;
			sourceTree = "<group>";
		};
		ECEEC0D22BD53E6400A180DE /* Preview Content */ = {
			isa = PBXGroup;
			children = (
				ECEEC0D32BD53E6400A180DE /* Preview Assets.xcassets */,
			);
			path = "Preview Content";
			sourceTree = "<group>";
		};
/* End PBXGroup section */

/* Begin PBXNativeTarget section */
		ECEEC0C82BD53E6200A180DE /* SwiftUIPracticeAPITheOffice */ = {
			isa = PBXNativeTarget;
			buildConfigurationList = ECEEC0D72BD53E6400A180DE /* Build configuration list for PBXNativeTarget "SwiftUIPracticeAPITheOffice" */;
			buildPhases = (
				ECEEC0C52BD53E6200A180DE /* Sources */,
				ECEEC0C62BD53E6200A180DE /* Frameworks */,
				ECEEC0C72BD53E6200A180DE /* Resources */,
			);
			buildRules = (
			);
			dependencies = (
			);
			name = SwiftUIPracticeAPITheOffice;
			productName = SwiftUIPracticeAPITheOffice;
			productReference = ECEEC0C92BD53E6200A180DE /* SwiftUIPracticeAPITheOffice.app */;
			productType = "com.apple.product-type.application";
		};
/* End PBXNativeTarget section */

/* Begin PBXProject section */
		ECEEC0C12BD53E6100A180DE /* Project object */ = {
			isa = PBXProject;
			attributes = {
				BuildIndependentTargetsInParallel = 1;
				LastSwiftUpdateCheck = 1530;
				LastUpgradeCheck = 1530;
				TargetAttributes = {
					ECEEC0C82BD53E6200A180DE = {
						CreatedOnToolsVersion = 15.3;
					};
				};
			};
			buildConfigurationList = ECEEC0C42BD53E6200A180DE /* Build configuration list for PBXProject "SwiftUIPracticeAPITheOffice" */;
			compatibilityVersion = "Xcode 14.0";
			developmentRegion = en;
			hasScannedForEncodings = 0;
			knownRegions = (
				en,
				Base,
			);
			mainGroup = ECEEC0C02BD53E6100A180DE;
			productRefGroup = ECEEC0CA2BD53E6200A180DE /* Products */;
			projectDirPath = "";
			projectRoot = "";
			targets = (
				ECEEC0C82BD53E6200A180DE /* SwiftUIPracticeAPITheOffice */,
			);
		};
/* End PBXProject section */

/* Begin PBXResourcesBuildPhase section */
		ECEEC0C72BD53E6200A180DE /* Resources */ = {
			isa = PBXResourcesBuildPhase;
			buildActionMask = 2147483647;
			files = (
				ECEEC0D42BD53E6400A180DE /* Preview Assets.xcassets in Resources */,
				ECEEC0D12BD53E6400A180DE /* Assets.xcassets in Resources */,
			);
			runOnlyForDeploymentPostprocessing = 0;
		};
/* End PBXResourcesBuildPhase section */

/* Begin PBXSourcesBuildPhase section */
		ECEEC0C52BD53E6200A180DE /* Sources */ = {
			isa = PBXSourcesBuildPhase;
			buildActionMask = 2147483647;
			files = (
				ECEEC0DE2BD5406000A180DE /* QuoteModel.swift in Sources */,
				ECEEC0CD2BD53E6200A180DE /* SwiftUIPracticeAPITheOfficeApp.swift in Sources */,
				ECEEC0E02BD5417700A180DE /* ViewModel.swift in Sources */,
				ECEEC0E22BD5490700A180DE /* FetchController.swift in Sources */,
				ECEEC0DC2BD5405600A180DE /* QuoteView.swift in Sources */,
			);
			runOnlyForDeploymentPostprocessing = 0;
		};
/* End PBXSourcesBuildPhase section */

/* Begin XCBuildConfiguration section */
		ECEEC0D52BD53E6400A180DE /* Debug */ = {
			isa = XCBuildConfiguration;
			buildSettings = {
				ALWAYS_SEARCH_USER_PATHS = NO;
				ASSETCATALOG_COMPILER_GENERATE_SWIFT_ASSET_SYMBOL_EXTENSIONS = YES;
				CLANG_ANALYZER_NONNULL = YES;
				CLANG_ANALYZER_NUMBER_OBJECT_CONVERSION = YES_AGGRESSIVE;
				CLANG_CXX_LANGUAGE_STANDARD = "gnu++20";
				CLANG_ENABLE_MODULES = YES;
				CLANG_ENABLE_OBJC_ARC = YES;
				CLANG_ENABLE_OBJC_WEAK = YES;
				CLANG_WARN_BLOCK_CAPTURE_AUTORELEASING = YES;
				CLANG_WARN_BOOL_CONVERSION = YES;
				CLANG_WARN_COMMA = YES;
				CLANG_WARN_CONSTANT_CONVERSION = YES;
				CLANG_WARN_DEPRECATED_OBJC_IMPLEMENTATIONS = YES;
				CLANG_WARN_DIRECT_OBJC_ISA_USAGE = YES_ERROR;
				CLANG_WARN_DOCUMENTATION_COMMENTS = YES;
				CLANG_WARN_EMPTY_BODY = YES;
				CLANG_WARN_ENUM_CONVERSION = YES;
				CLANG_WARN_INFINITE_RECURSION = YES;
				CLANG_WARN_INT_CONVERSION = YES;
				CLANG_WARN_NON_LITERAL_NULL_CONVERSION = YES;
				CLANG_WARN_OBJC_IMPLICIT_RETAIN_SELF = YES;
				CLANG_WARN_OBJC_LITERAL_CONVERSION = YES;
				CLANG_WARN_OBJC_ROOT_CLASS = YES_ERROR;
				CLANG_WARN_QUOTED_INCLUDE_IN_FRAMEWORK_HEADER = YES;
				CLANG_WARN_RANGE_LOOP_ANALYSIS = YES;
				CLANG_WARN_STRICT_PROTOTYPES = YES;
				CLANG_WARN_SUSPICIOUS_MOVE = YES;
				CLANG_WARN_UNGUARDED_AVAILABILITY = YES_AGGRESSIVE;
				CLANG_WARN_UNREACHABLE_CODE = YES;
				CLANG_WARN__DUPLICATE_METHOD_MATCH = YES;
				COPY_PHASE_STRIP = NO;
				DEBUG_INFORMATION_FORMAT = dwarf;
				ENABLE_STRICT_OBJC_MSGSEND = YES;
				ENABLE_TESTABILITY = YES;
				ENABLE_USER_SCRIPT_SANDBOXING = YES;
				GCC_C_LANGUAGE_STANDARD = gnu17;
				GCC_DYNAMIC_NO_PIC = NO;
				GCC_NO_COMMON_BLOCKS = YES;
				GCC_OPTIMIZATION_LEVEL = 0;
				GCC_PREPROCESSOR_DEFINITIONS = (
					"DEBUG=1",
					"$(inherited)",
				);
				GCC_WARN_64_TO_32_BIT_CONVERSION = YES;
				GCC_WARN_ABOUT_RETURN_TYPE = YES_ERROR;
				GCC_WARN_UNDECLARED_SELECTOR = YES;
				GCC_WARN_UNINITIALIZED_AUTOS = YES_AGGRESSIVE;
				GCC_WARN_UNUSED_FUNCTION = YES;
				GCC_WARN_UNUSED_VARIABLE = YES;
				IPHONEOS_DEPLOYMENT_TARGET = 17.4;
				LOCALIZATION_PREFERS_STRING_CATALOGS = YES;
				MTL_ENABLE_DEBUG_INFO = INCLUDE_SOURCE;
				MTL_FAST_MATH = YES;
				ONLY_ACTIVE_ARCH = YES;
				SDKROOT = iphoneos;
				SWIFT_ACTIVE_COMPILATION_CONDITIONS = "DEBUG $(inherited)";
				SWIFT_OPTIMIZATION_LEVEL = "-Onone";
			};
			name = Debug;
		};
		ECEEC0D62BD53E6400A180DE /* Release */ = {
			isa = XCBuildConfiguration;
			buildSettings = {
				ALWAYS_SEARCH_USER_PATHS = NO;
				ASSETCATALOG_COMPILER_GENERATE_SWIFT_ASSET_SYMBOL_EXTENSIONS = YES;
				CLANG_ANALYZER_NONNULL = YES;
				CLANG_ANALYZER_NUMBER_OBJECT_CONVERSION = YES_AGGRESSIVE;
				CLANG_CXX_LANGUAGE_STANDARD = "gnu++20";
				CLANG_ENABLE_MODULES = YES;
				CLANG_ENABLE_OBJC_ARC = YES;
				CLANG_ENABLE_OBJC_WEAK = YES;
				CLANG_WARN_BLOCK_CAPTURE_AUTORELEASING = YES;
				CLANG_WARN_BOOL_CONVERSION = YES;
				CLANG_WARN_COMMA = YES;
				CLANG_WARN_CONSTANT_CONVERSION = YES;
				CLANG_WARN_DEPRECATED_OBJC_IMPLEMENTATIONS = YES;
				CLANG_WARN_DIRECT_OBJC_ISA_USAGE = YES_ERROR;
				CLANG_WARN_DOCUMENTATION_COMMENTS = YES;
				CLANG_WARN_EMPTY_BODY = YES;
				CLANG_WARN_ENUM_CONVERSION = YES;
				CLANG_WARN_INFINITE_RECURSION = YES;
				CLANG_WARN_INT_CONVERSION = YES;
				CLANG_WARN_NON_LITERAL_NULL_CONVERSION = YES;
				CLANG_WARN_OBJC_IMPLICIT_RETAIN_SELF = YES;
				CLANG_WARN_OBJC_LITERAL_CONVERSION = YES;
				CLANG_WARN_OBJC_ROOT_CLASS = YES_ERROR;
				CLANG_WARN_QUOTED_INCLUDE_IN_FRAMEWORK_HEADER = YES;
				CLANG_WARN_RANGE_LOOP_ANALYSIS = YES;
				CLANG_WARN_STRICT_PROTOTYPES = YES;
				CLANG_WARN_SUSPICIOUS_MOVE = YES;
				CLANG_WARN_UNGUARDED_AVAILABILITY = YES_AGGRESSIVE;
				CLANG_WARN_UNREACHABLE_CODE = YES;
				CLANG_WARN__DUPLICATE_METHOD_MATCH = YES;
				COPY_PHASE_STRIP = NO;
				DEBUG_INFORMATION_FORMAT = "dwarf-with-dsym";
				ENABLE_NS_ASSERTIONS = NO;
				ENABLE_STRICT_OBJC_MSGSEND = YES;
				ENABLE_USER_SCRIPT_SANDBOXING = YES;
				GCC_C_LANGUAGE_STANDARD = gnu17;
				GCC_NO_COMMON_BLOCKS = YES;
				GCC_WARN_64_TO_32_BIT_CONVERSION = YES;
				GCC_WARN_ABOUT_RETURN_TYPE = YES_ERROR;
				GCC_WARN_UNDECLARED_SELECTOR = YES;
				GCC_WARN_UNINITIALIZED_AUTOS = YES_AGGRESSIVE;
				GCC_WARN_UNUSED_FUNCTION = YES;
				GCC_WARN_UNUSED_VARIABLE = YES;
				IPHONEOS_DEPLOYMENT_TARGET = 17.4;
				LOCALIZATION_PREFERS_STRING_CATALOGS = YES;
				MTL_ENABLE_DEBUG_INFO = NO;
				MTL_FAST_MATH = YES;
				SDKROOT = iphoneos;
				SWIFT_COMPILATION_MODE = wholemodule;
				VALIDATE_PRODUCT = YES;
			};
			name = Release;
		};
		ECEEC0D82BD53E6400A180DE /* Debug */ = {
			isa = XCBuildConfiguration;
			buildSettings = {
				ASSETCATALOG_COMPILER_APPICON_NAME = AppIcon;
				ASSETCATALOG_COMPILER_GLOBAL_ACCENT_COLOR_NAME = AccentColor;
				CODE_SIGN_STYLE = Automatic;
				CURRENT_PROJECT_VERSION = 1;
				DEVELOPMENT_ASSET_PATHS = "\"SwiftUIPracticeAPITheOffice/Preview Content\"";
				DEVELOPMENT_TEAM = 9RY3YFMNU4;
				ENABLE_PREVIEWS = YES;
				GENERATE_INFOPLIST_FILE = YES;
				INFOPLIST_KEY_UIApplicationSceneManifest_Generation = YES;
				INFOPLIST_KEY_UIApplicationSupportsIndirectInputEvents = YES;
				INFOPLIST_KEY_UILaunchScreen_Generation = YES;
				INFOPLIST_KEY_UISupportedInterfaceOrientations_iPad = "UIInterfaceOrientationPortrait UIInterfaceOrientationPortraitUpsideDown UIInterfaceOrientationLandscapeLeft UIInterfaceOrientationLandscapeRight";
				INFOPLIST_KEY_UISupportedInterfaceOrientations_iPhone = "UIInterfaceOrientationPortrait UIInterfaceOrientationLandscapeLeft UIInterfaceOrientationLandscapeRight";
				LD_RUNPATH_SEARCH_PATHS = (
					"$(inherited)",
					"@executable_path/Frameworks",
				);
				MARKETING_VERSION = 1.0;
				PRODUCT_BUNDLE_IDENTIFIER = com.swiftuilp.SwiftUIPracticeAPITheOffice;
				PRODUCT_NAME = "$(TARGET_NAME)";
				SWIFT_EMIT_LOC_STRINGS = YES;
				SWIFT_VERSION = 5.0;
				TARGETED_DEVICE_FAMILY = "1,2";
			};
			name = Debug;
		};
		ECEEC0D92BD53E6400A180DE /* Release */ = {
			isa = XCBuildConfiguration;
			buildSettings = {
				ASSETCATALOG_COMPILER_APPICON_NAME = AppIcon;
				ASSETCATALOG_COMPILER_GLOBAL_ACCENT_COLOR_NAME = AccentColor;
				CODE_SIGN_STYLE = Automatic;
				CURRENT_PROJECT_VERSION = 1;
				DEVELOPMENT_ASSET_PATHS = "\"SwiftUIPracticeAPITheOffice/Preview Content\"";
				DEVELOPMENT_TEAM = 9RY3YFMNU4;
				ENABLE_PREVIEWS = YES;
				GENERATE_INFOPLIST_FILE = YES;
				INFOPLIST_KEY_UIApplicationSceneManifest_Generation = YES;
				INFOPLIST_KEY_UIApplicationSupportsIndirectInputEvents = YES;
				INFOPLIST_KEY_UILaunchScreen_Generation = YES;
				INFOPLIST_KEY_UISupportedInterfaceOrientations_iPad = "UIInterfaceOrientationPortrait UIInterfaceOrientationPortraitUpsideDown UIInterfaceOrientationLandscapeLeft UIInterfaceOrientationLandscapeRight";
				INFOPLIST_KEY_UISupportedInterfaceOrientations_iPhone = "UIInterfaceOrientationPortrait UIInterfaceOrientationLandscapeLeft UIInterfaceOrientationLandscapeRight";
				LD_RUNPATH_SEARCH_PATHS = (
					"$(inherited)",
					"@executable_path/Frameworks",
				);
				MARKETING_VERSION = 1.0;
				PRODUCT_BUNDLE_IDENTIFIER = com.swiftuilp.SwiftUIPracticeAPITheOffice;
				PRODUCT_NAME = "$(TARGET_NAME)";
				SWIFT_EMIT_LOC_STRINGS = YES;
				SWIFT_VERSION = 5.0;
				TARGETED_DEVICE_FAMILY = "1,2";
			};
			name = Release;
		};
/* End XCBuildConfiguration section */

/* Begin XCConfigurationList section */
		ECEEC0C42BD53E6200A180DE /* Build configuration list for PBXProject "SwiftUIPracticeAPITheOffice" */ = {
			isa = XCConfigurationList;
			buildConfigurations = (
				ECEEC0D52BD53E6400A180DE /* Debug */,
				ECEEC0D62BD53E6400A180DE /* Release */,
			);
			defaultConfigurationIsVisible = 0;
			defaultConfigurationName = Release;
		};
		ECEEC0D72BD53E6400A180DE /* Build configuration list for PBXNativeTarget "SwiftUIPracticeAPITheOffice" */ = {
			isa = XCConfigurationList;
			buildConfigurations = (
				ECEEC0D82BD53E6400A180DE /* Debug */,
				ECEEC0D92BD53E6400A180DE /* Release */,
			);
			defaultConfigurationIsVisible = 0;
			defaultConfigurationName = Release;
		};
/* End XCConfigurationList section */
	};
	rootObject = ECEEC0C12BD53E6100A180DE /* Project object */;
}
